
Microsoft Visual Studio Solution File, Format Version 12.00
# Visual Studio Version 16
VisualStudioVersion = 16.0.29411.108
MinimumVisualStudioVersion = 10.0.40219.1
Project("{FAE04EC0-301F-11D3-BF4B-00C04F79EFBC}") = "UnitTest", "UnitTest\UnitTest.csproj", "{62E5AD1A-5550-46E1-B33D-144576F9397B}"
EndProject
Global
	GlobalSection(SolutionConfigurationPlatforms) = preSolution
		Debug|Any CPU = Debug|Any CPU
		Release|Any CPU = Release|Any CPU
	EndGlobalSection
	GlobalSection(ProjectConfigurationPlatforms) = postSolution
		{62E5AD1A-5550-46E1-B33D-144576F9397B}.Debug|Any CPU.ActiveCfg = Debug|Any CPU
		{62E5AD1A-5550-46E1-B33D-144576F9397B}.Debug|Any CPU.Build.0 = Debug|Any CPU
		{62E5AD1A-5550-46E1-B33D-144576F9397B}.Release|Any CPU.ActiveCfg = Release|Any CPU
		{62E5AD1A-5550-46E1-B33D-144576F9397B}.Release|Any CPU.Build.0 = Release|Any CPU
	EndGlobalSection
	GlobalSection(SolutionProperties) = preSolution
		HideSolutionNode = FALSE
	EndGlobalSection
	GlobalSection(ExtensibilityGlobals) = postSolution
		SolutionGuid = {3704D0A5-9089-4570-BB92-CB4AF3C2172A}
	EndGlobalSection
EndGlobal
